
Microsoft Visual Studio Solution File, Format Version 12.00
# Visual Studio Version 16
VisualStudioVersion = 16.0.30907.101
MinimumVisualStudioVersion = 10.0.40219.1
Project("{9A19103F-16F7-4668-BE54-9A1E7A4F7556}") = "Archive", "Archive\Archive.csproj", "{223B4A06-4485-4B4B-805E-233B0D389FBE}"
EndProject
Global
	GlobalSection(SolutionConfigurationPlatforms) = preSolution
		Debug|Any CPU = Debug|Any CPU
		Release|Any CPU = Release|Any CPU
	EndGlobalSection
	GlobalSection(ProjectConfigurationPlatforms) = postSolution
		{223B4A06-4485-4B4B-805E-233B0D389FBE}.Debug|Any CPU.ActiveCfg = Debug|Any CPU
		{223B4A06-4485-4B4B-805E-233B0D389FBE}.Debug|Any CPU.Build.0 = Debug|Any CPU
		{223B4A06-4485-4B4B-805E-233B0D389FBE}.Release|Any CPU.ActiveCfg = Release|Any CPU
		{223B4A06-4485-4B4B-805E-233B0D389FBE}.Release|Any CPU.Build.0 = Release|Any CPU
	EndGlobalSection
	GlobalSection(SolutionProperties) = preSolution
		HideSolutionNode = FALSE
	EndGlobalSection
	GlobalSection(ExtensibilityGlobals) = postSolution
		SolutionGuid = {32C23DCB-A0AF-4F77-B532-B96D350F8AE9}
	EndGlobalSection
EndGlobal
